
Microsoft Visual Studio Solution File, Format Version 12.00
# Visual Studio Version 17
VisualStudioVersion = 17.0.32112.339
MinimumVisualStudioVersion = 10.0.40219.1
Project("{9A19103F-16F7-4668-BE54-9A1E7A4F7556}") = "IT.Messaging", "IT.Messaging\IT.Messaging.csproj", "{25BE8A3C-E823-49C2-841D-2D1F548D3FEE}"
EndProject
Project("{9A19103F-16F7-4668-BE54-9A1E7A4F7556}") = "IT.Messaging.AlterNats", "IT.Messaging.AlterNats\IT.Messaging.AlterNats.csproj", "{38151E33-F559-466C-9E5D-ED9D0A50DD56}"
EndProject
Project("{9A19103F-16F7-4668-BE54-9A1E7A4F7556}") = "IT.Messaging.Benchmarks", "IT.Messaging.Benchmarks\IT.Messaging.Benchmarks.csproj", "{5FCB35B7-860B-4757-997F-0E30EDCD538F}"
EndProject
Project("{9A19103F-16F7-4668-BE54-9A1E7A4F7556}") = "IT.Messaging.Kafka", "IT.Messaging.Kafka\IT.Messaging.Kafka.csproj", "{33D69917-6134-4846-8D72-F2B52B085553}"
EndProject
Project("{9A19103F-16F7-4668-BE54-9A1E7A4F7556}") = "IT.Messaging.NATS", "IT.Messaging.NATS\IT.Messaging.NATS.csproj", "{D35C0EDB-3129-47A0-AB23-ABD34D9C9C79}"
EndProject
Project("{9A19103F-16F7-4668-BE54-9A1E7A4F7556}") = "IT.Messaging.RabbitMQ", "IT.Messaging.RabbitMQ\IT.Messaging.RabbitMQ.csproj", "{749A501D-E0E3-4937-9900-B006D2087395}"
EndProject
Project("{9A19103F-16F7-4668-BE54-9A1E7A4F7556}") = "IT.Messaging.Redis", "IT.Messaging.Redis\IT.Messaging.Redis.csproj", "{FB2C1020-C158-4E8C-9AA4-7A37E840585E}"
EndProject
Project("{9A19103F-16F7-4668-BE54-9A1E7A4F7556}") = "IT.Messaging.Tests", "IT.Messaging.Tests\IT.Messaging.Tests.csproj", "{9724CB71-855B-4088-8CD4-7049DC4E2ECA}"
EndProject
Project("{FAE04EC0-301F-11D3-BF4B-00C04F79EFBC}") = "TestWorkerService", "TestWorkerService\TestWorkerService.csproj", "{44720F03-6971-48F8-BD06-F8D06B0BCB7F}"
EndProject
Global
	GlobalSection(SolutionConfigurationPlatforms) = preSolution
		Debug|Any CPU = Debug|Any CPU
		Release|Any CPU = Release|Any CPU
	EndGlobalSection
	GlobalSection(ProjectConfigurationPlatforms) = postSolution
		{25BE8A3C-E823-49C2-841D-2D1F548D3FEE}.Debug|Any CPU.ActiveCfg = Debug|Any CPU
		{25BE8A3C-E823-49C2-841D-2D1F548D3FEE}.Debug|Any CPU.Build.0 = Debug|Any CPU
		{25BE8A3C-E823-49C2-841D-2D1F548D3FEE}.Release|Any CPU.ActiveCfg = Release|Any CPU
		{25BE8A3C-E823-49C2-841D-2D1F548D3FEE}.Release|Any CPU.Build.0 = Release|Any CPU
		{38151E33-F559-466C-9E5D-ED9D0A50DD56}.Debug|Any CPU.ActiveCfg = Debug|Any CPU
		{38151E33-F559-466C-9E5D-ED9D0A50DD56}.Debug|Any CPU.Build.0 = Debug|Any CPU
		{38151E33-F559-466C-9E5D-ED9D0A50DD56}.Release|Any CPU.ActiveCfg = Release|Any CPU
		{38151E33-F559-466C-9E5D-ED9D0A50DD56}.Release|Any CPU.Build.0 = Release|Any CPU
		{5FCB35B7-860B-4757-997F-0E30EDCD538F}.Debug|Any CPU.ActiveCfg = Debug|Any CPU
		{5FCB35B7-860B-4757-997F-0E30EDCD538F}.Debug|Any CPU.Build.0 = Debug|Any CPU
		{5FCB35B7-860B-4757-997F-0E30EDCD538F}.Release|Any CPU.ActiveCfg = Release|Any CPU
		{5FCB35B7-860B-4757-997F-0E30EDCD538F}.Release|Any CPU.Build.0 = Release|Any CPU
		{33D69917-6134-4846-8D72-F2B52B085553}.Debug|Any CPU.ActiveCfg = Debug|Any CPU
		{33D69917-6134-4846-8D72-F2B52B085553}.Debug|Any CPU.Build.0 = Debug|Any CPU
		{33D69917-6134-4846-8D72-F2B52B085553}.Release|Any CPU.ActiveCfg = Release|Any CPU
		{33D69917-6134-4846-8D72-F2B52B085553}.Release|Any CPU.Build.0 = Release|Any CPU
		{D35C0EDB-3129-47A0-AB23-ABD34D9C9C79}.Debug|Any CPU.ActiveCfg = Debug|Any CPU
		{D35C0EDB-3129-47A0-AB23-ABD34D9C9C79}.Debug|Any CPU.Build.0 = Debug|Any CPU
		{D35C0EDB-3129-47A0-AB23-ABD34D9C9C79}.Release|Any CPU.ActiveCfg = Release|Any CPU
		{D35C0EDB-3129-47A0-AB23-ABD34D9C9C79}.Release|Any CPU.Build.0 = Release|Any CPU
		{749A501D-E0E3-4937-9900-B006D2087395}.Debug|Any CPU.ActiveCfg = Debug|Any CPU
		{749A501D-E0E3-4937-9900-B006D2087395}.Debug|Any CPU.Build.0 = Debug|Any CPU
		{749A501D-E0E3-4937-9900-B006D2087395}.Release|Any CPU.ActiveCfg = Release|Any CPU
		{749A501D-E0E3-4937-9900-B006D2087395}.Release|Any CPU.Build.0 = Release|Any CPU
		{FB2C1020-C158-4E8C-9AA4-7A37E840585E}.Debug|Any CPU.ActiveCfg = Debug|Any CPU
		{FB2C1020-C158-4E8C-9AA4-7A37E840585E}.Debug|Any CPU.Build.0 = Debug|Any CPU
		{FB2C1020-C158-4E8C-9AA4-7A37E840585E}.Release|Any CPU.ActiveCfg = Release|Any CPU
		{FB2C1020-C158-4E8C-9AA4-7A37E840585E}.Release|Any CPU.Build.0 = Release|Any CPU
		{9724CB71-855B-4088-8CD4-7049DC4E2ECA}.Debug|Any CPU.ActiveCfg = Debug|Any CPU
		{9724CB71-855B-4088-8CD4-7049DC4E2ECA}.Debug|Any CPU.Build.0 = Debug|Any CPU
		{9724CB71-855B-4088-8CD4-7049DC4E2ECA}.Release|Any CPU.ActiveCfg = Release|Any CPU
		{9724CB71-855B-4088-8CD4-7049DC4E2ECA}.Release|Any CPU.Build.0 = Release|Any CPU
		{44720F03-6971-48F8-BD06-F8D06B0BCB7F}.Debug|Any CPU.ActiveCfg = Debug|Any CPU
		{44720F03-6971-48F8-BD06-F8D06B0BCB7F}.Debug|Any CPU.Build.0 = Debug|Any CPU
		{44720F03-6971-48F8-BD06-F8D06B0BCB7F}.Release|Any CPU.ActiveCfg = Release|Any CPU
		{44720F03-6971-48F8-BD06-F8D06B0BCB7F}.Release|Any CPU.Build.0 = Release|Any CPU
	EndGlobalSection
	GlobalSection(SolutionProperties) = preSolution
		HideSolutionNode = FALSE
	EndGlobalSection
	GlobalSection(ExtensibilityGlobals) = postSolution
		SolutionGuid = {E61A39C8-7FE8-4292-A237-B5DBE7E0E57C}
	EndGlobalSection
EndGlobal
